// !$*UTF8*$!
{
	archiveVersion = 1;
	classes = {
	};
	objectVersion = 46;
	objects = {

/* Begin PBXBuildFile section */
		E7027FDB170F48A30012F7C2 /* AL.png in Resources */ = {isa = PBXBuildFile; fileRef = E7027FCB170F48A30012F7C2 /* AL.png */; };
		E7027FDC170F48A30012F7C2 /* BA.png in Resources */ = {isa = PBXBuildFile; fileRef = E7027FCC170F48A30012F7C2 /* BA.png */; };
		E7027FDD170F48A30012F7C2 /* CN.png in Resources */ = {isa = PBXBuildFile; fileRef = E7027FCD170F48A30012F7C2 /* CN.png */; };
		E7027FDE170F48A30012F7C2 /* GL.png in Resources */ = {isa = PBXBuildFile; fileRef = E7027FCE170F48A30012F7C2 /* GL.png */; };
		E7027FDF170F48A30012F7C2 /* ID.png in Resources */ = {isa = PBXBuildFile; fileRef = E7027FCF170F48A30012F7C2 /* ID.png */; };
		E7027FE0170F48A30012F7C2 /* IM.png in Resources */ = {isa = PBXBuildFile; fileRef = E7027FD0170F48A30012F7C2 /* IM.png */; };
		E7027FE1170F48A30012F7C2 /* JP.png in Resources */ = {isa = PBXBuildFile; fileRef = E7027FD1170F48A30012F7C2 /* JP.png */; };
		E7027FE2170F48A30012F7C2 /* LU.png in Resources */ = {isa = PBXBuildFile; fileRef = E7027FD2170F48A30012F7C2 /* LU.png */; };
		E7027FE3170F48A30012F7C2 /* MY.png in Resources */ = {isa = PBXBuildFile; fileRef = E7027FD3170F48A30012F7C2 /* MY.png */; };
		E7027FE4170F48A30012F7C2 /* PH.png in Resources */ = {isa = PBXBuildFile; fileRef = E7027FD4170F48A30012F7C2 /* PH.png */; };
		E7027FE5170F48A30012F7C2 /* RU.png in Resources */ = {isa = PBXBuildFile; fileRef = E7027FD5170F48A30012F7C2 /* RU.png */; };
		E7027FE6170F48A30012F7C2 /* RW.png in Resources */ = {isa = PBXBuildFile; fileRef = E7027FD6170F48A30012F7C2 /* RW.png */; };
		E7027FE7170F48A30012F7C2 /* SO.png in Resources */ = {isa = PBXBuildFile; fileRef = E7027FD7170F48A30012F7C2 /* SO.png */; };
		E7027FE8170F48A30012F7C2 /* TO.png in Resources */ = {isa = PBXBuildFile; fileRef = E7027FD8170F48A30012F7C2 /* TO.png */; };
		E7027FE9170F48A30012F7C2 /* VA.png in Resources */ = {isa = PBXBuildFile; fileRef = E7027FD9170F48A30012F7C2 /* VA.png */; };
		E7027FEA170F48A30012F7C2 /* VU.png in Resources */ = {isa = PBXBuildFile; fileRef = E7027FDA170F48A30012F7C2 /* VU.png */; };
		E7027FEC170F491B0012F7C2 /* RH.png in Resources */ = {isa = PBXBuildFile; fileRef = E7027FEB170F491B0012F7C2 /* RH.png */; };
		E723048D170F3C1B0086D5BD /* LMSettings.m in Sources */ = {isa = PBXBuildFile; fileRef = E723048C170F3C1B0086D5BD /* LMSettings.m */; };
		E77E946117045F03006D4AD7 /* Icon.icns in Resources */ = {isa = PBXBuildFile; fileRef = E77E946017045F03006D4AD7 /* Icon.icns */; };
		E7A15AFC1FC422C20036DD11 /* en-AT@2x.png in Resources */ = {isa = PBXBuildFile; fileRef = E7A15AFA1FC422C20036DD11 /* en-AT@2x.png */; };
		E7A15AFD1FC422C20036DD11 /* en-AT.png in Resources */ = {isa = PBXBuildFile; fileRef = E7A15AFB1FC422C20036DD11 /* en-AT.png */; };
		E7B8D9E717011DFA00064048 /* Cocoa.framework in Frameworks */ = {isa = PBXBuildFile; fileRef = E7B8D9E617011DFA00064048 /* Cocoa.framework */; };
		E7B8E023170135E900064048 /* Carbon.framework in Frameworks */ = {isa = PBXBuildFile; fileRef = E7B8E022170135E900064048 /* Carbon.framework */; };
		E7BEBAC31704A4C500CC2F32 /* NSImage+ImageUtils.m in Sources */ = {isa = PBXBuildFile; fileRef = E7BEBAC21704A4C500CC2F32 /* NSImage+ImageUtils.m */; };
		E7E3F01B170455930055163E /* language_mappings.txt in Resources */ = {isa = PBXBuildFile; fileRef = E7E3F018170455930055163E /* language_mappings.txt */; };
		E7E3F0201704559C0055163E /* Credits.rtf in Resources */ = {isa = PBXBuildFile; fileRef = E7E3F01E1704559C0055163E /* Credits.rtf */; };
		E7E3F023170455A10055163E /* MainMenu.xib in Resources */ = {isa = PBXBuildFile; fileRef = E7E3F021170455A10055163E /* MainMenu.xib */; };
		E7E3F02C170455DE0055163E /* AppDelegate.m in Sources */ = {isa = PBXBuildFile; fileRef = E7E3F029170455C40055163E /* AppDelegate.m */; };
		E7E3F02D170455DF0055163E /* LMLanguage.m in Sources */ = {isa = PBXBuildFile; fileRef = E7E3F02B170455C40055163E /* LMLanguage.m */; };
		E7E3F02E1704560F0055163E /* main.m in Sources */ = {isa = PBXBuildFile; fileRef = E7E3F027170455B50055163E /* main.m */; };
		E7E3F0311704586B0055163E /* License in Resources */ = {isa = PBXBuildFile; fileRef = E7E3F0301704586B0055163E /* License */; };
/* End PBXBuildFile section */

/* Begin PBXFileReference section */
		E7027FC5170F44640012F7C2 /* BA.png */ = {isa = PBXFileReference; lastKnownFileType = image.png; name = BA.png; path = LanguageMenu/Resources/Flags/BA.png; sourceTree = SOURCE_ROOT; };
		E7027FC6170F44640012F7C2 /* ID.png */ = {isa = PBXFileReference; lastKnownFileType = image.png; name = ID.png; path = LanguageMenu/Resources/Flags/ID.png; sourceTree = SOURCE_ROOT; };
		E7027FCB170F48A30012F7C2 /* AL.png */ = {isa = PBXFileReference; lastKnownFileType = image.png; name = AL.png; path = LanguageMenu/Resources/Flags/AL.png; sourceTree = SOURCE_ROOT; };
		E7027FCC170F48A30012F7C2 /* BA.png */ = {isa = PBXFileReference; lastKnownFileType = image.png; name = BA.png; path = LanguageMenu/Resources/Flags/BA.png; sourceTree = SOURCE_ROOT; };
		E7027FCD170F48A30012F7C2 /* CN.png */ = {isa = PBXFileReference; lastKnownFileType = image.png; name = CN.png; path = LanguageMenu/Resources/Flags/CN.png; sourceTree = SOURCE_ROOT; };
		E7027FCE170F48A30012F7C2 /* GL.png */ = {isa = PBXFileReference; lastKnownFileType = image.png; name = GL.png; path = LanguageMenu/Resources/Flags/GL.png; sourceTree = SOURCE_ROOT; };
		E7027FCF170F48A30012F7C2 /* ID.png */ = {isa = PBXFileReference; lastKnownFileType = image.png; name = ID.png; path = LanguageMenu/Resources/Flags/ID.png; sourceTree = SOURCE_ROOT; };
		E7027FD0170F48A30012F7C2 /* IM.png */ = {isa = PBXFileReference; lastKnownFileType = image.png; name = IM.png; path = LanguageMenu/Resources/Flags/IM.png; sourceTree = SOURCE_ROOT; };
		E7027FD1170F48A30012F7C2 /* JP.png */ = {isa = PBXFileReference; lastKnownFileType = image.png; name = JP.png; path = LanguageMenu/Resources/Flags/JP.png; sourceTree = SOURCE_ROOT; };
		E7027FD2170F48A30012F7C2 /* LU.png */ = {isa = PBXFileReference; lastKnownFileType = image.png; name = LU.png; path = LanguageMenu/Resources/Flags/LU.png; sourceTree = SOURCE_ROOT; };
		E7027FD3170F48A30012F7C2 /* MY.png */ = {isa = PBXFileReference; lastKnownFileType = image.png; name = MY.png; path = LanguageMenu/Resources/Flags/MY.png; sourceTree = SOURCE_ROOT; };
		E7027FD4170F48A30012F7C2 /* PH.png */ = {isa = PBXFileReference; lastKnownFileType = image.png; name = PH.png; path = LanguageMenu/Resources/Flags/PH.png; sourceTree = SOURCE_ROOT; };
		E7027FD5170F48A30012F7C2 /* RU.png */ = {isa = PBXFileReference; lastKnownFileType = image.png; name = RU.png; path = LanguageMenu/Resources/Flags/RU.png; sourceTree = SOURCE_ROOT; };
		E7027FD6170F48A30012F7C2 /* RW.png */ = {isa = PBXFileReference; lastKnownFileType = image.png; name = RW.png; path = LanguageMenu/Resources/Flags/RW.png; sourceTree = SOURCE_ROOT; };
		E7027FD7170F48A30012F7C2 /* SO.png */ = {isa = PBXFileReference; lastKnownFileType = image.png; name = SO.png; path = LanguageMenu/Resources/Flags/SO.png; sourceTree = SOURCE_ROOT; };
		E7027FD8170F48A30012F7C2 /* TO.png */ = {isa = PBXFileReference; lastKnownFileType = image.png; name = TO.png; path = LanguageMenu/Resources/Flags/TO.png; sourceTree = SOURCE_ROOT; };
		E7027FD9170F48A30012F7C2 /* VA.png */ = {isa = PBXFileReference; lastKnownFileType = image.png; name = VA.png; path = LanguageMenu/Resources/Flags/VA.png; sourceTree = SOURCE_ROOT; };
		E7027FDA170F48A30012F7C2 /* VU.png */ = {isa = PBXFileReference; lastKnownFileType = image.png; name = VU.png; path = LanguageMenu/Resources/Flags/VU.png; sourceTree = SOURCE_ROOT; };
		E7027FEB170F491B0012F7C2 /* RH.png */ = {isa = PBXFileReference; lastKnownFileType = image.png; name = RH.png; path = LanguageMenu/Resources/Flags/RH.png; sourceTree = SOURCE_ROOT; };
		E723048B170F3C1B0086D5BD /* LMSettings.h */ = {isa = PBXFileReference; fileEncoding = 4; lastKnownFileType = sourcecode.c.h; name = LMSettings.h; path = LanguageMenu/LMSettings.h; sourceTree = SOURCE_ROOT; };
		E723048C170F3C1B0086D5BD /* LMSettings.m */ = {isa = PBXFileReference; fileEncoding = 4; lastKnownFileType = sourcecode.c.objc; name = LMSettings.m; path = LanguageMenu/LMSettings.m; sourceTree = SOURCE_ROOT; };
		E77E946017045F03006D4AD7 /* Icon.icns */ = {isa = PBXFileReference; lastKnownFileType = image.icns; name = Icon.icns; path = LanguageMenu/Resources/Icon.icns; sourceTree = SOURCE_ROOT; };
		E79B11FE173CF11C001DED3A /* DmgBackground.png */ = {isa = PBXFileReference; lastKnownFileType = image.png; name = DmgBackground.png; path = LanguageMenu/Resources/DmgBackground.png; sourceTree = SOURCE_ROOT; };
		E79B1202173CF27E001DED3A /* Disk Image */ = {isa = PBXFileReference; lastKnownFileType = file.bplist; path = "Disk Image"; sourceTree = "<group>"; };
		E79B1204173CF27E001DED3A /* Preview.jpg */ = {isa = PBXFileReference; lastKnownFileType = image.jpeg; path = Preview.jpg; sourceTree = "<group>"; };
		E7A15AFA1FC422C20036DD11 /* en-AT@2x.png */ = {isa = PBXFileReference; lastKnownFileType = image.png; name = "en-AT@2x.png"; path = "LanguageMenu/Resources/Flags/en-AT@2x.png"; sourceTree = SOURCE_ROOT; };
		E7A15AFB1FC422C20036DD11 /* en-AT.png */ = {isa = PBXFileReference; lastKnownFileType = image.png; name = "en-AT.png"; path = "LanguageMenu/Resources/Flags/en-AT.png"; sourceTree = SOURCE_ROOT; };
		E7B8D9E317011DFA00064048 /* LanguageMenu.app */ = {isa = PBXFileReference; explicitFileType = wrapper.application; includeInIndex = 0; path = LanguageMenu.app; sourceTree = BUILT_PRODUCTS_DIR; };
		E7B8D9E617011DFA00064048 /* Cocoa.framework */ = {isa = PBXFileReference; lastKnownFileType = wrapper.framework; name = Cocoa.framework; path = System/Library/Frameworks/Cocoa.framework; sourceTree = SDKROOT; };
		E7B8D9E917011DFA00064048 /* AppKit.framework */ = {isa = PBXFileReference; lastKnownFileType = wrapper.framework; name = AppKit.framework; path = System/Library/Frameworks/AppKit.framework; sourceTree = SDKROOT; };
		E7B8D9EA17011DFA00064048 /* CoreData.framework */ = {isa = PBXFileReference; lastKnownFileType = wrapper.framework; name = CoreData.framework; path = System/Library/Frameworks/CoreData.framework; sourceTree = SDKROOT; };
		E7B8D9EB17011DFA00064048 /* Foundation.framework */ = {isa = PBXFileReference; lastKnownFileType = wrapper.framework; name = Foundation.framework; path = System/Library/Frameworks/Foundation.framework; sourceTree = SDKROOT; };
		E7B8E022170135E900064048 /* Carbon.framework */ = {isa = PBXFileReference; lastKnownFileType = wrapper.framework; name = Carbon.framework; path = System/Library/Frameworks/Carbon.framework; sourceTree = SDKROOT; };
		E7BEBAC11704A4C500CC2F32 /* NSImage+ImageUtils.h */ = {isa = PBXFileReference; fileEncoding = 4; lastKnownFileType = sourcecode.c.h; name = "NSImage+ImageUtils.h"; path = "LanguageMenu/NSImage+ImageUtils.h"; sourceTree = SOURCE_ROOT; };
		E7BEBAC21704A4C500CC2F32 /* NSImage+ImageUtils.m */ = {isa = PBXFileReference; fileEncoding = 4; lastKnownFileType = sourcecode.c.objc; name = "NSImage+ImageUtils.m"; path = "LanguageMenu/NSImage+ImageUtils.m"; sourceTree = SOURCE_ROOT; };
		E7E3F018170455930055163E /* language_mappings.txt */ = {isa = PBXFileReference; fileEncoding = 4; lastKnownFileType = text; name = language_mappings.txt; path = LanguageMenu/Resources/language_mappings.txt; sourceTree = SOURCE_ROOT; };
		E7E3F019170455930055163E /* TEMP_KEYLAYOUTS.txt */ = {isa = PBXFileReference; fileEncoding = 4; lastKnownFileType = text; name = TEMP_KEYLAYOUTS.txt; path = LanguageMenu/Resources/TEMP_KEYLAYOUTS.txt; sourceTree = SOURCE_ROOT; };
		E7E3F01A170455930055163E /* TEMP_LANGS.txt */ = {isa = PBXFileReference; fileEncoding = 4; lastKnownFileType = text; name = TEMP_LANGS.txt; path = LanguageMenu/Resources/TEMP_LANGS.txt; sourceTree = SOURCE_ROOT; };
		E7E3F01F1704559C0055163E /* en */ = {isa = PBXFileReference; lastKnownFileType = text.rtf; name = en; path = LanguageMenu/en.lproj/Credits.rtf; sourceTree = SOURCE_ROOT; };
		E7E3F022170455A10055163E /* en */ = {isa = PBXFileReference; lastKnownFileType = file.xib; name = en; path = LanguageMenu/en.lproj/MainMenu.xib; sourceTree = SOURCE_ROOT; };
		E7E3F024170455B50055163E /* LanguageMenu-Info.plist */ = {isa = PBXFileReference; lastKnownFileType = text.plist.xml; name = "LanguageMenu-Info.plist"; path = "LanguageMenu/LanguageMenu-Info.plist"; sourceTree = SOURCE_ROOT; };
		E7E3F025170455B50055163E /* LanguageMenu-Prefix.pch */ = {isa = PBXFileReference; lastKnownFileType = sourcecode.c.h; name = "LanguageMenu-Prefix.pch"; path = "LanguageMenu/LanguageMenu-Prefix.pch"; sourceTree = SOURCE_ROOT; };
		E7E3F027170455B50055163E /* main.m */ = {isa = PBXFileReference; lastKnownFileType = sourcecode.c.objc; name = main.m; path = LanguageMenu/main.m; sourceTree = SOURCE_ROOT; };
		E7E3F028170455C40055163E /* AppDelegate.h */ = {isa = PBXFileReference; lastKnownFileType = sourcecode.c.h; name = AppDelegate.h; path = LanguageMenu/AppDelegate.h; sourceTree = SOURCE_ROOT; };
		E7E3F029170455C40055163E /* AppDelegate.m */ = {isa = PBXFileReference; lastKnownFileType = sourcecode.c.objc; name = AppDelegate.m; path = LanguageMenu/AppDelegate.m; sourceTree = SOURCE_ROOT; };
		E7E3F02A170455C40055163E /* LMLanguage.h */ = {isa = PBXFileReference; lastKnownFileType = sourcecode.c.h; name = LMLanguage.h; path = LanguageMenu/LMLanguage.h; sourceTree = SOURCE_ROOT; };
		E7E3F02B170455C40055163E /* LMLanguage.m */ = {isa = PBXFileReference; lastKnownFileType = sourcecode.c.objc; name = LMLanguage.m; path = LanguageMenu/LMLanguage.m; sourceTree = SOURCE_ROOT; };
		E7E3F0301704586B0055163E /* License */ = {isa = PBXFileReference; fileEncoding = 4; lastKnownFileType = text; path = License; sourceTree = SOURCE_ROOT; };
		E7E3F032170459320055163E /* Readme.md */ = {isa = PBXFileReference; fileEncoding = 4; lastKnownFileType = text; path = Readme.md; sourceTree = SOURCE_ROOT; };
/* End PBXFileReference section */

/* Begin PBXFrameworksBuildPhase section */
		E7B8D9E017011DFA00064048 /* Frameworks */ = {
			isa = PBXFrameworksBuildPhase;
			buildActionMask = 2147483647;
			files = (
				E7B8E023170135E900064048 /* Carbon.framework in Frameworks */,
				E7B8D9E717011DFA00064048 /* Cocoa.framework in Frameworks */,
			);
			runOnlyForDeploymentPostprocessing = 0;
		};
/* End PBXFrameworksBuildPhase section */

/* Begin PBXGroup section */
		E7027FC0170F43690012F7C2 /* Flags */ = {
			isa = PBXGroup;
			children = (
				E7A15AFB1FC422C20036DD11 /* en-AT.png */,
				E7A15AFA1FC422C20036DD11 /* en-AT@2x.png */,
				E7027FEB170F491B0012F7C2 /* RH.png */,
				E7027FCB170F48A30012F7C2 /* AL.png */,
				E7027FCC170F48A30012F7C2 /* BA.png */,
				E7027FCD170F48A30012F7C2 /* CN.png */,
				E7027FCE170F48A30012F7C2 /* GL.png */,
				E7027FCF170F48A30012F7C2 /* ID.png */,
				E7027FD0170F48A30012F7C2 /* IM.png */,
				E7027FD1170F48A30012F7C2 /* JP.png */,
				E7027FD2170F48A30012F7C2 /* LU.png */,
				E7027FD3170F48A30012F7C2 /* MY.png */,
				E7027FD4170F48A30012F7C2 /* PH.png */,
				E7027FD5170F48A30012F7C2 /* RU.png */,
				E7027FD6170F48A30012F7C2 /* RW.png */,
				E7027FD7170F48A30012F7C2 /* SO.png */,
				E7027FD8170F48A30012F7C2 /* TO.png */,
				E7027FD9170F48A30012F7C2 /* VA.png */,
				E7027FDA170F48A30012F7C2 /* VU.png */,
				E7027FC5170F44640012F7C2 /* BA.png */,
				E7027FC6170F44640012F7C2 /* ID.png */,
			);
			name = Flags;
			sourceTree = "<group>";
		};
		E79B1200173CF27E001DED3A /* DmgCanvasTemplate.dmgCanvas */ = {
			isa = PBXGroup;
			children = (
				E79B1201173CF27E001DED3A /* Contents */,
				E79B1202173CF27E001DED3A /* Disk Image */,
				E79B1203173CF27E001DED3A /* QuickLook */,
			);
			name = DmgCanvasTemplate.dmgCanvas;
			path = LanguageMenu/Resources/DmgCanvasTemplate.dmgCanvas;
			sourceTree = SOURCE_ROOT;
		};
		E79B1201173CF27E001DED3A /* Contents */ = {
			isa = PBXGroup;
			children = (
			);
			path = Contents;
			sourceTree = "<group>";
		};
		E79B1203173CF27E001DED3A /* QuickLook */ = {
			isa = PBXGroup;
			children = (
				E79B1204173CF27E001DED3A /* Preview.jpg */,
			);
			path = QuickLook;
			sourceTree = "<group>";
		};
		E7B8D9DA17011DFA00064048 = {
			isa = PBXGroup;
			children = (
				E7B8D9EC17011DFA00064048 /* LanguageMenu */,
				E7B8D9E517011DFA00064048 /* Frameworks */,
				E7B8D9E417011DFA00064048 /* Products */,
			);
			sourceTree = "<group>";
		};
		E7B8D9E417011DFA00064048 /* Products */ = {
			isa = PBXGroup;
			children = (
				E7B8D9E317011DFA00064048 /* LanguageMenu.app */,
			);
			name = Products;
			sourceTree = "<group>";
		};
		E7B8D9E517011DFA00064048 /* Frameworks */ = {
			isa = PBXGroup;
			children = (
				E7B8D9EB17011DFA00064048 /* Foundation.framework */,
				E7B8D9EA17011DFA00064048 /* CoreData.framework */,
				E7B8D9E917011DFA00064048 /* AppKit.framework */,
				E7B8E022170135E900064048 /* Carbon.framework */,
				E7B8D9E617011DFA00064048 /* Cocoa.framework */,
			);
			name = Frameworks;
			sourceTree = "<group>";
		};
		E7B8D9EC17011DFA00064048 /* LanguageMenu */ = {
			isa = PBXGroup;
			children = (
				E7E3F028170455C40055163E /* AppDelegate.h */,
				E7E3F029170455C40055163E /* AppDelegate.m */,
				E7E3F02A170455C40055163E /* LMLanguage.h */,
				E7E3F02B170455C40055163E /* LMLanguage.m */,
				E723048B170F3C1B0086D5BD /* LMSettings.h */,
				E723048C170F3C1B0086D5BD /* LMSettings.m */,
				E7BEBAC11704A4C500CC2F32 /* NSImage+ImageUtils.h */,
				E7BEBAC21704A4C500CC2F32 /* NSImage+ImageUtils.m */,
				E7B8DA031701210800064048 /* Resources */,
				E7B8D9ED17011DFA00064048 /* Supporting Files */,
			);
			name = LanguageMenu;
			path = LanguageSwitcher;
			sourceTree = "<group>";
		};
		E7B8D9ED17011DFA00064048 /* Supporting Files */ = {
			isa = PBXGroup;
			children = (
				E7E3F024170455B50055163E /* LanguageMenu-Info.plist */,
				E7E3F025170455B50055163E /* LanguageMenu-Prefix.pch */,
				E7E3F027170455B50055163E /* main.m */,
			);
			name = "Supporting Files";
			sourceTree = "<group>";
		};
		E7B8DA031701210800064048 /* Resources */ = {
			isa = PBXGroup;
			children = (
				E7027FC0170F43690012F7C2 /* Flags */,
				E77E946017045F03006D4AD7 /* Icon.icns */,
				E7E3F0301704586B0055163E /* License */,
				E7E3F032170459320055163E /* Readme.md */,
				E7E3F021170455A10055163E /* MainMenu.xib */,
				E7E3F01E1704559C0055163E /* Credits.rtf */,
				E7E3F018170455930055163E /* language_mappings.txt */,
				E79B11FE173CF11C001DED3A /* DmgBackground.png */,
				E79B1200173CF27E001DED3A /* DmgCanvasTemplate.dmgCanvas */,
				E7E3F019170455930055163E /* TEMP_KEYLAYOUTS.txt */,
				E7E3F01A170455930055163E /* TEMP_LANGS.txt */,
			);
			name = Resources;
			sourceTree = "<group>";
		};
/* End PBXGroup section */

/* Begin PBXNativeTarget section */
		E7B8D9E217011DFA00064048 /* LanguageMenu */ = {
			isa = PBXNativeTarget;
			buildConfigurationList = E7B8DA0017011DFA00064048 /* Build configuration list for PBXNativeTarget "LanguageMenu" */;
			buildPhases = (
				E7B8D9DF17011DFA00064048 /* Sources */,
				E7B8D9E017011DFA00064048 /* Frameworks */,
				E7B8D9E117011DFA00064048 /* Resources */,
				E79B1207173CF306001DED3A /* ShellScript */,
			);
			buildRules = (
			);
			dependencies = (
			);
			name = LanguageMenu;
			productName = LanguageSwitcher;
			productReference = E7B8D9E317011DFA00064048 /* LanguageMenu.app */;
			productType = "com.apple.product-type.application";
		};
/* End PBXNativeTarget section */

/* Begin PBXProject section */
		E7B8D9DB17011DFA00064048 /* Project object */ = {
			isa = PBXProject;
			attributes = {
				LastUpgradeCheck = 0820;
				ORGANIZATIONNAME = "Lemon Mojo";
			};
			buildConfigurationList = E7B8D9DE17011DFA00064048 /* Build configuration list for PBXProject "LanguageMenu" */;
			compatibilityVersion = "Xcode 3.2";
			developmentRegion = English;
			hasScannedForEncodings = 0;
			knownRegions = (
				en,
			);
			mainGroup = E7B8D9DA17011DFA00064048;
			productRefGroup = E7B8D9E417011DFA00064048 /* Products */;
			projectDirPath = "";
			projectRoot = "";
			targets = (
				E7B8D9E217011DFA00064048 /* LanguageMenu */,
			);
		};
/* End PBXProject section */

/* Begin PBXResourcesBuildPhase section */
		E7B8D9E117011DFA00064048 /* Resources */ = {
			isa = PBXResourcesBuildPhase;
			buildActionMask = 2147483647;
			files = (
				E7E3F01B170455930055163E /* language_mappings.txt in Resources */,
				E7E3F0201704559C0055163E /* Credits.rtf in Resources */,
				E7E3F023170455A10055163E /* MainMenu.xib in Resources */,
				E7E3F0311704586B0055163E /* License in Resources */,
				E77E946117045F03006D4AD7 /* Icon.icns in Resources */,
				E7027FDB170F48A30012F7C2 /* AL.png in Resources */,
				E7027FDC170F48A30012F7C2 /* BA.png in Resources */,
				E7027FDD170F48A30012F7C2 /* CN.png in Resources */,
				E7027FDE170F48A30012F7C2 /* GL.png in Resources */,
				E7027FDF170F48A30012F7C2 /* ID.png in Resources */,
				E7027FE0170F48A30012F7C2 /* IM.png in Resources */,
				E7A15AFD1FC422C20036DD11 /* en-AT.png in Resources */,
				E7027FE1170F48A30012F7C2 /* JP.png in Resources */,
				E7027FE2170F48A30012F7C2 /* LU.png in Resources */,
				E7027FE3170F48A30012F7C2 /* MY.png in Resources */,
				E7027FE4170F48A30012F7C2 /* PH.png in Resources */,
				E7A15AFC1FC422C20036DD11 /* en-AT@2x.png in Resources */,
				E7027FE5170F48A30012F7C2 /* RU.png in Resources */,
				E7027FE6170F48A30012F7C2 /* RW.png in Resources */,
				E7027FE7170F48A30012F7C2 /* SO.png in Resources */,
				E7027FE8170F48A30012F7C2 /* TO.png in Resources */,
				E7027FE9170F48A30012F7C2 /* VA.png in Resources */,
				E7027FEA170F48A30012F7C2 /* VU.png in Resources */,
				E7027FEC170F491B0012F7C2 /* RH.png in Resources */,
			);
			runOnlyForDeploymentPostprocessing = 0;
		};
/* End PBXResourcesBuildPhase section */

/* Begin PBXShellScriptBuildPhase section */
		E79B1207173CF306001DED3A /* ShellScript */ = {
			isa = PBXShellScriptBuildPhase;
			buildActionMask = 2147483647;
			files = (
			);
			inputPaths = (
			);
			outputPaths = (
			);
			runOnlyForDeploymentPostprocessing = 0;
			shellPath = /bin/sh;
			shellScript = "#/usr/local/bin/dmgcanvas \"$SRCROOT/LanguageMenu/Resources/DmgCanvasTemplate.dmgCanvas\" \"$TARGET_BUILD_DIR/$PRODUCT_NAME.dmg\"";
		};
/* End PBXShellScriptBuildPhase section */

/* Begin PBXSourcesBuildPhase section */
		E7B8D9DF17011DFA00064048 /* Sources */ = {
			isa = PBXSourcesBuildPhase;
			buildActionMask = 2147483647;
			files = (
				E7E3F02E1704560F0055163E /* main.m in Sources */,
				E7E3F02C170455DE0055163E /* AppDelegate.m in Sources */,
				E7E3F02D170455DF0055163E /* LMLanguage.m in Sources */,
				E7BEBAC31704A4C500CC2F32 /* NSImage+ImageUtils.m in Sources */,
				E723048D170F3C1B0086D5BD /* LMSettings.m in Sources */,
			);
			runOnlyForDeploymentPostprocessing = 0;
		};
/* End PBXSourcesBuildPhase section */

/* Begin PBXVariantGroup section */
		E7E3F01E1704559C0055163E /* Credits.rtf */ = {
			isa = PBXVariantGroup;
			children = (
				E7E3F01F1704559C0055163E /* en */,
			);
			name = Credits.rtf;
			sourceTree = "<group>";
		};
		E7E3F021170455A10055163E /* MainMenu.xib */ = {
			isa = PBXVariantGroup;
			children = (
				E7E3F022170455A10055163E /* en */,
			);
			name = MainMenu.xib;
			sourceTree = "<group>";
		};
/* End PBXVariantGroup section */

/* Begin XCBuildConfiguration section */
		E7B8D9FE17011DFA00064048 /* Debug */ = {
			isa = XCBuildConfiguration;
			buildSettings = {
				ALWAYS_SEARCH_USER_PATHS = NO;
				CLANG_CXX_LANGUAGE_STANDARD = "gnu++0x";
				CLANG_CXX_LIBRARY = "libc++";
				CLANG_WARN_BOOL_CONVERSION = YES;
				CLANG_WARN_CONSTANT_CONVERSION = YES;
				CLANG_WARN_EMPTY_BODY = YES;
				CLANG_WARN_ENUM_CONVERSION = YES;
				CLANG_WARN_INFINITE_RECURSION = YES;
				CLANG_WARN_INT_CONVERSION = YES;
				CLANG_WARN_SUSPICIOUS_MOVE = YES;
				CLANG_WARN_UNREACHABLE_CODE = YES;
				CLANG_WARN__DUPLICATE_METHOD_MATCH = YES;
				COPY_PHASE_STRIP = NO;
				ENABLE_STRICT_OBJC_MSGSEND = YES;
				ENABLE_TESTABILITY = YES;
				GCC_C_LANGUAGE_STANDARD = gnu99;
				GCC_DYNAMIC_NO_PIC = NO;
				GCC_ENABLE_OBJC_EXCEPTIONS = YES;
				GCC_NO_COMMON_BLOCKS = YES;
				GCC_OPTIMIZATION_LEVEL = 0;
				GCC_PREPROCESSOR_DEFINITIONS = (
					"DEBUG=1",
					"$(inherited)",
				);
				GCC_SYMBOLS_PRIVATE_EXTERN = NO;
				GCC_WARN_64_TO_32_BIT_CONVERSION = YES;
				GCC_WARN_ABOUT_RETURN_TYPE = YES;
				GCC_WARN_UNDECLARED_SELECTOR = YES;
				GCC_WARN_UNINITIALIZED_AUTOS = YES;
				GCC_WARN_UNUSED_FUNCTION = YES;
				GCC_WARN_UNUSED_VARIABLE = YES;
				MACOSX_DEPLOYMENT_TARGET = 10.8;
				ONLY_ACTIVE_ARCH = YES;
				SDKROOT = macosx;
			};
			name = Debug;
		};
		E7B8D9FF17011DFA00064048 /* Release */ = {
			isa = XCBuildConfiguration;
			buildSettings = {
				ALWAYS_SEARCH_USER_PATHS = NO;
				CLANG_CXX_LANGUAGE_STANDARD = "gnu++0x";
				CLANG_CXX_LIBRARY = "libc++";
				CLANG_WARN_BOOL_CONVERSION = YES;
				CLANG_WARN_CONSTANT_CONVERSION = YES;
				CLANG_WARN_EMPTY_BODY = YES;
				CLANG_WARN_ENUM_CONVERSION = YES;
				CLANG_WARN_INFINITE_RECURSION = YES;
				CLANG_WARN_INT_CONVERSION = YES;
				CLANG_WARN_SUSPICIOUS_MOVE = YES;
				CLANG_WARN_UNREACHABLE_CODE = YES;
				CLANG_WARN__DUPLICATE_METHOD_MATCH = YES;
				COPY_PHASE_STRIP = YES;
				DEBUG_INFORMATION_FORMAT = "dwarf-with-dsym";
				ENABLE_STRICT_OBJC_MSGSEND = YES;
				GCC_C_LANGUAGE_STANDARD = gnu99;
				GCC_ENABLE_OBJC_EXCEPTIONS = YES;
				GCC_NO_COMMON_BLOCKS = YES;
				GCC_WARN_64_TO_32_BIT_CONVERSION = YES;
				GCC_WARN_ABOUT_RETURN_TYPE = YES;
				GCC_WARN_UNDECLARED_SELECTOR = YES;
				GCC_WARN_UNINITIALIZED_AUTOS = YES;
				GCC_WARN_UNUSED_FUNCTION = YES;
				GCC_WARN_UNUSED_VARIABLE = YES;
				MACOSX_DEPLOYMENT_TARGET = 10.8;
				SDKROOT = macosx;
			};
			name = Release;
		};
		E7B8DA0117011DFA00064048 /* Debug */ = {
			isa = XCBuildConfiguration;
			buildSettings = {
				CODE_SIGN_IDENTITY = "Developer ID Application: Felix Deimel";
				GCC_PRECOMPILE_PREFIX_HEADER = YES;
				GCC_PREFIX_HEADER = "LanguageMenu/LanguageMenu-Prefix.pch";
				INFOPLIST_FILE = "LanguageMenu/LanguageMenu-Info.plist";
				MACOSX_DEPLOYMENT_TARGET = 10.6;
				PRODUCT_BUNDLE_IDENTIFIER = "com.lemonmojo.${PRODUCT_NAME:rfc1034identifier}";
				PRODUCT_NAME = LanguageMenu;
				PROVISIONING_PROFILE = "";
				WRAPPER_EXTENSION = app;
			};
			name = Debug;
		};
		E7B8DA0217011DFA00064048 /* Release */ = {
			isa = XCBuildConfiguration;
			buildSettings = {
				CODE_SIGN_IDENTITY = "Developer ID Application: Felix Deimel";
				GCC_PRECOMPILE_PREFIX_HEADER = YES;
				GCC_PREFIX_HEADER = "LanguageMenu/LanguageMenu-Prefix.pch";
				INFOPLIST_FILE = "LanguageMenu/LanguageMenu-Info.plist";
				MACOSX_DEPLOYMENT_TARGET = 10.6;
				PRODUCT_BUNDLE_IDENTIFIER = "com.lemonmojo.${PRODUCT_NAME:rfc1034identifier}";
				PRODUCT_NAME = LanguageMenu;
				PROVISIONING_PROFILE = "";
				WRAPPER_EXTENSION = app;
			};
			name = Release;
		};
/* End XCBuildConfiguration section */

/* Begin XCConfigurationList section */
		E7B8D9DE17011DFA00064048 /* Build configuration list for PBXProject "LanguageMenu" */ = {
			isa = XCConfigurationList;
			buildConfigurations = (
				E7B8D9FE17011DFA00064048 /* Debug */,
				E7B8D9FF17011DFA00064048 /* Release */,
			);
			defaultConfigurationIsVisible = 0;
			defaultConfigurationName = Release;
		};
		E7B8DA0017011DFA00064048 /* Build configuration list for PBXNativeTarget "LanguageMenu" */ = {
			isa = XCConfigurationList;
			buildConfigurations = (
				E7B8DA0117011DFA00064048 /* Debug */,
				E7B8DA0217011DFA00064048 /* Release */,
			);
			defaultConfigurationIsVisible = 0;
			defaultConfigurationName = Release;
		};
/* End XCConfigurationList section */
	};
	rootObject = E7B8D9DB17011DFA00064048 /* Project object */;
}
